
Microsoft Visual Studio Solution File, Format Version 12.00
# Visual Studio Version 16
VisualStudioVersion = 16.0.31729.503
MinimumVisualStudioVersion = 10.0.40219.1
Project("{FAE04EC0-301F-11D3-BF4B-00C04F79EFBC}") = "Movie Theater System", "Movie Theater System\Movie Theater System.csproj", "{D58AEA18-38ED-4A49-8B5A-4D0E307AF901}"
EndProject
Global
	GlobalSection(SolutionConfigurationPlatforms) = preSolution
		Debug|Any CPU = Debug|Any CPU
		Release|Any CPU = Release|Any CPU
	EndGlobalSection
	GlobalSection(ProjectConfigurationPlatforms) = postSolution
		{D58AEA18-38ED-4A49-8B5A-4D0E307AF901}.Debug|Any CPU.ActiveCfg = Debug|Any CPU
		{D58AEA18-38ED-4A49-8B5A-4D0E307AF901}.Debug|Any CPU.Build.0 = Debug|Any CPU
		{D58AEA18-38ED-4A49-8B5A-4D0E307AF901}.Release|Any CPU.ActiveCfg = Release|Any CPU
		{D58AEA18-38ED-4A49-8B5A-4D0E307AF901}.Release|Any CPU.Build.0 = Release|Any CPU
	EndGlobalSection
	GlobalSection(SolutionProperties) = preSolution
		HideSolutionNode = FALSE
	EndGlobalSection
	GlobalSection(ExtensibilityGlobals) = postSolution
		SolutionGuid = {EF8E7402-9AC1-4B83-A7BF-2C0C5BC27D37}
	EndGlobalSection
EndGlobal
